
Microsoft Visual Studio Solution File, Format Version 12.00
# Visual Studio 14
VisualStudioVersion = 14.0.22823.1
MinimumVisualStudioVersion = 10.0.40219.1
Project("{FAE04EC0-301F-11D3-BF4B-00C04F79EFBC}") = "Ads.Crawlers", "Ads.Crawlers\Ads.Crawlers.csproj", "{7536564A-8E1A-4F19-A773-D5654DD14507}"
EndProject
Project("{FAE04EC0-301F-11D3-BF4B-00C04F79EFBC}") = "Ads.SeeIt", "Ads.SeeIt\Ads.SeeIt.csproj", "{4462CAAF-11E2-4D9A-ACFA-02BDCFCACC2E}"
EndProject
Project("{FAE04EC0-301F-11D3-BF4B-00C04F79EFBC}") = "Ads.CSQueries", "Ads.CSQueries\Ads.CSQueries.csproj", "{B7EA9FBE-C97A-4995-9607-A7B6ACF84924}"
EndProject
Project("{FAE04EC0-301F-11D3-BF4B-00C04F79EFBC}") = "Ads.Crawler.Engines", "Ads.Crawler.Engines\Ads.Crawler.Engines.csproj", "{54F8E30B-DAE1-48F2-A6ED-8528745C5189}"
EndProject
Global
	GlobalSection(SolutionConfigurationPlatforms) = preSolution
		BGS_Debug|Any CPU = BGS_Debug|Any CPU
		BGS_Debug|x86 = BGS_Debug|x86
		BGS|Any CPU = BGS|Any CPU
		BGS|x86 = BGS|x86
		Debug|Any CPU = Debug|Any CPU
		Debug|x86 = Debug|x86
		Release|Any CPU = Release|Any CPU
		Release|x86 = Release|x86
	EndGlobalSection
	GlobalSection(ProjectConfigurationPlatforms) = postSolution
		{7536564A-8E1A-4F19-A773-D5654DD14507}.BGS_Debug|Any CPU.ActiveCfg = Debug|Any CPU
		{7536564A-8E1A-4F19-A773-D5654DD14507}.BGS_Debug|Any CPU.Build.0 = Debug|Any CPU
		{7536564A-8E1A-4F19-A773-D5654DD14507}.BGS_Debug|x86.ActiveCfg = Debug|Any CPU
		{7536564A-8E1A-4F19-A773-D5654DD14507}.BGS_Debug|x86.Build.0 = Debug|Any CPU
		{7536564A-8E1A-4F19-A773-D5654DD14507}.BGS|Any CPU.ActiveCfg = Release|Any CPU
		{7536564A-8E1A-4F19-A773-D5654DD14507}.BGS|Any CPU.Build.0 = Release|Any CPU
		{7536564A-8E1A-4F19-A773-D5654DD14507}.BGS|x86.ActiveCfg = Release|Any CPU
		{7536564A-8E1A-4F19-A773-D5654DD14507}.BGS|x86.Build.0 = Release|Any CPU
		{7536564A-8E1A-4F19-A773-D5654DD14507}.Debug|Any CPU.ActiveCfg = Debug|Any CPU
		{7536564A-8E1A-4F19-A773-D5654DD14507}.Debug|Any CPU.Build.0 = Debug|Any CPU
		{7536564A-8E1A-4F19-A773-D5654DD14507}.Debug|x86.ActiveCfg = Debug|Any CPU
		{7536564A-8E1A-4F19-A773-D5654DD14507}.Debug|x86.Build.0 = Debug|Any CPU
		{7536564A-8E1A-4F19-A773-D5654DD14507}.Release|Any CPU.ActiveCfg = Release|Any CPU
		{7536564A-8E1A-4F19-A773-D5654DD14507}.Release|Any CPU.Build.0 = Release|Any CPU
		{7536564A-8E1A-4F19-A773-D5654DD14507}.Release|x86.ActiveCfg = Release|Any CPU
		{7536564A-8E1A-4F19-A773-D5654DD14507}.Release|x86.Build.0 = Release|Any CPU
		{4462CAAF-11E2-4D9A-ACFA-02BDCFCACC2E}.BGS_Debug|Any CPU.ActiveCfg = Debug|Any CPU
		{4462CAAF-11E2-4D9A-ACFA-02BDCFCACC2E}.BGS_Debug|Any CPU.Build.0 = Debug|Any CPU
		{4462CAAF-11E2-4D9A-ACFA-02BDCFCACC2E}.BGS_Debug|x86.ActiveCfg = Debug|Any CPU
		{4462CAAF-11E2-4D9A-ACFA-02BDCFCACC2E}.BGS_Debug|x86.Build.0 = Debug|Any CPU
		{4462CAAF-11E2-4D9A-ACFA-02BDCFCACC2E}.BGS|Any CPU.ActiveCfg = Release|Any CPU
		{4462CAAF-11E2-4D9A-ACFA-02BDCFCACC2E}.BGS|Any CPU.Build.0 = Release|Any CPU
		{4462CAAF-11E2-4D9A-ACFA-02BDCFCACC2E}.BGS|x86.ActiveCfg = Release|Any CPU
		{4462CAAF-11E2-4D9A-ACFA-02BDCFCACC2E}.BGS|x86.Build.0 = Release|Any CPU
		{4462CAAF-11E2-4D9A-ACFA-02BDCFCACC2E}.Debug|Any CPU.ActiveCfg = Debug|Any CPU
		{4462CAAF-11E2-4D9A-ACFA-02BDCFCACC2E}.Debug|Any CPU.Build.0 = Debug|Any CPU
		{4462CAAF-11E2-4D9A-ACFA-02BDCFCACC2E}.Debug|x86.ActiveCfg = Debug|Any CPU
		{4462CAAF-11E2-4D9A-ACFA-02BDCFCACC2E}.Debug|x86.Build.0 = Debug|Any CPU
		{4462CAAF-11E2-4D9A-ACFA-02BDCFCACC2E}.Release|Any CPU.ActiveCfg = Release|Any CPU
		{4462CAAF-11E2-4D9A-ACFA-02BDCFCACC2E}.Release|Any CPU.Build.0 = Release|Any CPU
		{4462CAAF-11E2-4D9A-ACFA-02BDCFCACC2E}.Release|x86.ActiveCfg = Release|Any CPU
		{4462CAAF-11E2-4D9A-ACFA-02BDCFCACC2E}.Release|x86.Build.0 = Release|Any CPU
		{B7EA9FBE-C97A-4995-9607-A7B6ACF84924}.BGS_Debug|Any CPU.ActiveCfg = Debug|Any CPU
		{B7EA9FBE-C97A-4995-9607-A7B6ACF84924}.BGS_Debug|Any CPU.Build.0 = Debug|Any CPU
		{B7EA9FBE-C97A-4995-9607-A7B6ACF84924}.BGS_Debug|x86.ActiveCfg = Debug|Any CPU
		{B7EA9FBE-C97A-4995-9607-A7B6ACF84924}.BGS_Debug|x86.Build.0 = Debug|Any CPU
		{B7EA9FBE-C97A-4995-9607-A7B6ACF84924}.BGS|Any CPU.ActiveCfg = Release|Any CPU
		{B7EA9FBE-C97A-4995-9607-A7B6ACF84924}.BGS|Any CPU.Build.0 = Release|Any CPU
		{B7EA9FBE-C97A-4995-9607-A7B6ACF84924}.BGS|x86.ActiveCfg = Release|Any CPU
		{B7EA9FBE-C97A-4995-9607-A7B6ACF84924}.BGS|x86.Build.0 = Release|Any CPU
		{B7EA9FBE-C97A-4995-9607-A7B6ACF84924}.Debug|Any CPU.ActiveCfg = Debug|Any CPU
		{B7EA9FBE-C97A-4995-9607-A7B6ACF84924}.Debug|Any CPU.Build.0 = Debug|Any CPU
		{B7EA9FBE-C97A-4995-9607-A7B6ACF84924}.Debug|x86.ActiveCfg = Debug|Any CPU
		{B7EA9FBE-C97A-4995-9607-A7B6ACF84924}.Debug|x86.Build.0 = Debug|Any CPU
		{B7EA9FBE-C97A-4995-9607-A7B6ACF84924}.Release|Any CPU.ActiveCfg = Release|Any CPU
		{B7EA9FBE-C97A-4995-9607-A7B6ACF84924}.Release|Any CPU.Build.0 = Release|Any CPU
		{B7EA9FBE-C97A-4995-9607-A7B6ACF84924}.Release|x86.ActiveCfg = Release|Any CPU
		{B7EA9FBE-C97A-4995-9607-A7B6ACF84924}.Release|x86.Build.0 = Release|Any CPU
		{54F8E30B-DAE1-48F2-A6ED-8528745C5189}.BGS_Debug|Any CPU.ActiveCfg = Debug|Any CPU
		{54F8E30B-DAE1-48F2-A6ED-8528745C5189}.BGS_Debug|Any CPU.Build.0 = Debug|Any CPU
		{54F8E30B-DAE1-48F2-A6ED-8528745C5189}.BGS_Debug|x86.ActiveCfg = Debug|Any CPU
		{54F8E30B-DAE1-48F2-A6ED-8528745C5189}.BGS_Debug|x86.Build.0 = Debug|Any CPU
		{54F8E30B-DAE1-48F2-A6ED-8528745C5189}.BGS|Any CPU.ActiveCfg = Release|Any CPU
		{54F8E30B-DAE1-48F2-A6ED-8528745C5189}.BGS|Any CPU.Build.0 = Release|Any CPU
		{54F8E30B-DAE1-48F2-A6ED-8528745C5189}.BGS|x86.ActiveCfg = Release|Any CPU
		{54F8E30B-DAE1-48F2-A6ED-8528745C5189}.BGS|x86.Build.0 = Release|Any CPU
		{54F8E30B-DAE1-48F2-A6ED-8528745C5189}.Debug|Any CPU.ActiveCfg = Debug|Any CPU
		{54F8E30B-DAE1-48F2-A6ED-8528745C5189}.Debug|Any CPU.Build.0 = Debug|Any CPU
		{54F8E30B-DAE1-48F2-A6ED-8528745C5189}.Debug|x86.ActiveCfg = Debug|Any CPU
		{54F8E30B-DAE1-48F2-A6ED-8528745C5189}.Debug|x86.Build.0 = Debug|Any CPU
		{54F8E30B-DAE1-48F2-A6ED-8528745C5189}.Release|Any CPU.ActiveCfg = Release|Any CPU
		{54F8E30B-DAE1-48F2-A6ED-8528745C5189}.Release|Any CPU.Build.0 = Release|Any CPU
		{54F8E30B-DAE1-48F2-A6ED-8528745C5189}.Release|x86.ActiveCfg = Release|Any CPU
		{54F8E30B-DAE1-48F2-A6ED-8528745C5189}.Release|x86.Build.0 = Release|Any CPU
	EndGlobalSection
	GlobalSection(SolutionProperties) = preSolution
		HideSolutionNode = FALSE
	EndGlobalSection
EndGlobal
